// !$*UTF8*$!
{
	archiveVersion = 1;
	classes = {
	};
	objectVersion = 46;
	objects = {

/* Begin PBXBuildFile section */
		176822671F78F52A00F11D3C /* main.m in Sources */ = {isa = PBXBuildFile; fileRef = 176822661F78F52A00F11D3C /* main.m */; };
		1768226A1F78F52A00F11D3C /* AppDelegate.m in Sources */ = {isa = PBXBuildFile; fileRef = 176822691F78F52A00F11D3C /* AppDelegate.m */; };
		1768226D1F78F52A00F11D3C /* ViewController.m in Sources */ = {isa = PBXBuildFile; fileRef = 1768226C1F78F52A00F11D3C /* ViewController.m */; };
		176822701F78F52A00F11D3C /* Main.storyboard in Resources */ = {isa = PBXBuildFile; fileRef = 1768226E1F78F52A00F11D3C /* Main.storyboard */; };
		176822721F78F52A00F11D3C /* Assets.xcassets in Resources */ = {isa = PBXBuildFile; fileRef = 176822711F78F52A00F11D3C /* Assets.xcassets */; };
		176822751F78F52A00F11D3C /* LaunchScreen.storyboard in Resources */ = {isa = PBXBuildFile; fileRef = 176822731F78F52A00F11D3C /* LaunchScreen.storyboard */; };
		17F941A81F79072E00E01336 /* NextVC.m in Sources */ = {isa = PBXBuildFile; fileRef = 17F941A71F79072E00E01336 /* NextVC.m */; };
		96259FC38CD306AF3E39B48A /* libPods-RACDemo.a in Frameworks */ = {isa = PBXBuildFile; fileRef = 30918C326040A7E88744B2FE /* libPods-RACDemo.a */; };
/* End PBXBuildFile section */

/* Begin PBXFileReference section */
		176822621F78F52A00F11D3C /* RACDemo.app */ = {isa = PBXFileReference; explicitFileType = wrapper.application; includeInIndex = 0; path = RACDemo.app; sourceTree = BUILT_PRODUCTS_DIR; };
		176822661F78F52A00F11D3C /* main.m */ = {isa = PBXFileReference; lastKnownFileType = sourcecode.c.objc; path = main.m; sourceTree = "<group>"; };
		176822681F78F52A00F11D3C /* AppDelegate.h */ = {isa = PBXFileReference; lastKnownFileType = sourcecode.c.h; path = AppDelegate.h; sourceTree = "<group>"; };
		176822691F78F52A00F11D3C /* AppDelegate.m */ = {isa = PBXFileReference; lastKnownFileType = sourcecode.c.objc; path = AppDelegate.m; sourceTree = "<group>"; };
		1768226B1F78F52A00F11D3C /* ViewController.h */ = {isa = PBXFileReference; lastKnownFileType = sourcecode.c.h; path = ViewController.h; sourceTree = "<group>"; };
		1768226C1F78F52A00F11D3C /* ViewController.m */ = {isa = PBXFileReference; lastKnownFileType = sourcecode.c.objc; path = ViewController.m; sourceTree = "<group>"; };
		1768226F1F78F52A00F11D3C /* Base */ = {isa = PBXFileReference; lastKnownFileType = file.storyboard; name = Base; path = Base.lproj/Main.storyboard; sourceTree = "<group>"; };
		176822711F78F52A00F11D3C /* Assets.xcassets */ = {isa = PBXFileReference; lastKnownFileType = folder.assetcatalog; path = Assets.xcassets; sourceTree = "<group>"; };
		176822741F78F52A00F11D3C /* Base */ = {isa = PBXFileReference; lastKnownFileType = file.storyboard; name = Base; path = Base.lproj/LaunchScreen.storyboard; sourceTree = "<group>"; };
		176822761F78F52A00F11D3C /* Info.plist */ = {isa = PBXFileReference; lastKnownFileType = text.plist.xml; path = Info.plist; sourceTree = "<group>"; };
		17F941A61F79072E00E01336 /* NextVC.h */ = {isa = PBXFileReference; fileEncoding = 4; lastKnownFileType = sourcecode.c.h; path = NextVC.h; sourceTree = "<group>"; };
		17F941A71F79072E00E01336 /* NextVC.m */ = {isa = PBXFileReference; fileEncoding = 4; lastKnownFileType = sourcecode.c.objc; path = NextVC.m; sourceTree = "<group>"; };
		30918C326040A7E88744B2FE /* libPods-RACDemo.a */ = {isa = PBXFileReference; explicitFileType = archive.ar; includeInIndex = 0; path = "libPods-RACDemo.a"; sourceTree = BUILT_PRODUCTS_DIR; };
		A46C3C251D1CD38EBF1D0EA4 /* Pods-RACDemo.release.xcconfig */ = {isa = PBXFileReference; includeInIndex = 1; lastKnownFileType = text.xcconfig; name = "Pods-RACDemo.release.xcconfig"; path = "Pods/Target Support Files/Pods-RACDemo/Pods-RACDemo.release.xcconfig"; sourceTree = "<group>"; };
		E8789CA32DB21260519985EA /* Pods-RACDemo.debug.xcconfig */ = {isa = PBXFileReference; includeInIndex = 1; lastKnownFileType = text.xcconfig; name = "Pods-RACDemo.debug.xcconfig"; path = "Pods/Target Support Files/Pods-RACDemo/Pods-RACDemo.debug.xcconfig"; sourceTree = "<group>"; };
/* End PBXFileReference section */

/* Begin PBXFrameworksBuildPhase section */
		1768225F1F78F52A00F11D3C /* Frameworks */ = {
			isa = PBXFrameworksBuildPhase;
			buildActionMask = 2147483647;
			files = (
				96259FC38CD306AF3E39B48A /* libPods-RACDemo.a in Frameworks */,
			);
			runOnlyForDeploymentPostprocessing = 0;
		};
/* End PBXFrameworksBuildPhase section */

/* Begin PBXGroup section */
		176822591F78F52A00F11D3C = {
			isa = PBXGroup;
			children = (
				176822641F78F52A00F11D3C /* RACDemo */,
				176822631F78F52A00F11D3C /* Products */,
				F64B6EDC1F95B2BB7B77158F /* Pods */,
				FBD89D268711EAFF492ADC3E /* Frameworks */,
			);
			sourceTree = "<group>";
		};
		176822631F78F52A00F11D3C /* Products */ = {
			isa = PBXGroup;
			children = (
				176822621F78F52A00F11D3C /* RACDemo.app */,
			);
			name = Products;
			sourceTree = "<group>";
		};
		176822641F78F52A00F11D3C /* RACDemo */ = {
			isa = PBXGroup;
			children = (
				176822681F78F52A00F11D3C /* AppDelegate.h */,
				176822691F78F52A00F11D3C /* AppDelegate.m */,
				1768226B1F78F52A00F11D3C /* ViewController.h */,
				1768226C1F78F52A00F11D3C /* ViewController.m */,
				17F941A61F79072E00E01336 /* NextVC.h */,
				17F941A71F79072E00E01336 /* NextVC.m */,
				1768226E1F78F52A00F11D3C /* Main.storyboard */,
				176822711F78F52A00F11D3C /* Assets.xcassets */,
				176822731F78F52A00F11D3C /* LaunchScreen.storyboard */,
				176822761F78F52A00F11D3C /* Info.plist */,
				176822651F78F52A00F11D3C /* Supporting Files */,
			);
			path = RACDemo;
			sourceTree = "<group>";
		};
		176822651F78F52A00F11D3C /* Supporting Files */ = {
			isa = PBXGroup;
			children = (
				176822661F78F52A00F11D3C /* main.m */,
			);
			name = "Supporting Files";
			sourceTree = "<group>";
		};
		F64B6EDC1F95B2BB7B77158F /* Pods */ = {
			isa = PBXGroup;
			children = (
				E8789CA32DB21260519985EA /* Pods-RACDemo.debug.xcconfig */,
				A46C3C251D1CD38EBF1D0EA4 /* Pods-RACDemo.release.xcconfig */,
			);
			name = Pods;
			sourceTree = "<group>";
		};
		FBD89D268711EAFF492ADC3E /* Frameworks */ = {
			isa = PBXGroup;
			children = (
				30918C326040A7E88744B2FE /* libPods-RACDemo.a */,
			);
			name = Frameworks;
			sourceTree = "<group>";
		};
/* End PBXGroup section */

/* Begin PBXNativeTarget section */
		176822611F78F52A00F11D3C /* RACDemo */ = {
			isa = PBXNativeTarget;
			buildConfigurationList = 176822791F78F52A00F11D3C /* Build configuration list for PBXNativeTarget "RACDemo" */;
			buildPhases = (
				2E69CEB8A20EAE050DF6A3A9 /* [CP] Check Pods Manifest.lock */,
				1768225E1F78F52A00F11D3C /* Sources */,
				1768225F1F78F52A00F11D3C /* Frameworks */,
				176822601F78F52A00F11D3C /* Resources */,
				CDDA3CC1C16D002F6637B19D /* [CP] Embed Pods Frameworks */,
				FAC1469F0CAA7C2E456B5DD6 /* [CP] Copy Pods Resources */,
			);
			buildRules = (
			);
			dependencies = (
			);
			name = RACDemo;
			productName = RACDemo;
			productReference = 176822621F78F52A00F11D3C /* RACDemo.app */;
			productType = "com.apple.product-type.application";
		};
/* End PBXNativeTarget section */

/* Begin PBXProject section */
		1768225A1F78F52A00F11D3C /* Project object */ = {
			isa = PBXProject;
			attributes = {
				LastUpgradeCheck = 0820;
				ORGANIZATIONNAME = cesiumai;
				TargetAttributes = {
					176822611F78F52A00F11D3C = {
						CreatedOnToolsVersion = 8.2.1;
						DevelopmentTeam = 6H72553LUE;
						ProvisioningStyle = Automatic;
					};
				};
			};
			buildConfigurationList = 1768225D1F78F52A00F11D3C /* Build configuration list for PBXProject "RACDemo" */;
			compatibilityVersion = "Xcode 3.2";
			developmentRegion = English;
			hasScannedForEncodings = 0;
			knownRegions = (
				en,
				Base,
			);
			mainGroup = 176822591F78F52A00F11D3C;
			productRefGroup = 176822631F78F52A00F11D3C /* Products */;
			projectDirPath = "";
			projectRoot = "";
			targets = (
				176822611F78F52A00F11D3C /* RACDemo */,
			);
		};
/* End PBXProject section */

/* Begin PBXResourcesBuildPhase section */
		176822601F78F52A00F11D3C /* Resources */ = {
			isa = PBXResourcesBuildPhase;
			buildActionMask = 2147483647;
			files = (
				176822751F78F52A00F11D3C /* LaunchScreen.storyboard in Resources */,
				176822721F78F52A00F11D3C /* Assets.xcassets in Resources */,
				176822701F78F52A00F11D3C /* Main.storyboard in Resources */,
			);
			runOnlyForDeploymentPostprocessing = 0;
		};
/* End PBXResourcesBuildPhase section */

/* Begin PBXShellScriptBuildPhase section */
		2E69CEB8A20EAE050DF6A3A9 /* [CP] Check Pods Manifest.lock */ = {
			isa = PBXShellScriptBuildPhase;
			buildActionMask = 2147483647;
			files = (
			);
			inputPaths = (
			);
			name = "[CP] Check Pods Manifest.lock";
			outputPaths = (
			);
			runOnlyForDeploymentPostprocessing = 0;
			shellPath = /bin/sh;
			shellScript = "diff \"${PODS_ROOT}/../Podfile.lock\" \"${PODS_ROOT}/Manifest.lock\" > /dev/null\nif [ $? != 0 ] ; then\n    # print error to STDERR\n    echo \"error: The sandbox is not in sync with the Podfile.lock. Run 'pod install' or update your CocoaPods installation.\" >&2\n    exit 1\nfi\n";
			showEnvVarsInLog = 0;
		};
		CDDA3CC1C16D002F6637B19D /* [CP] Embed Pods Frameworks */ = {
			isa = PBXShellScriptBuildPhase;
			buildActionMask = 2147483647;
			files = (
			);
			inputPaths = (
			);
			name = "[CP] Embed Pods Frameworks";
			outputPaths = (
			);
			runOnlyForDeploymentPostprocessing = 0;
			shellPath = /bin/sh;
			shellScript = "\"${SRCROOT}/Pods/Target Support Files/Pods-RACDemo/Pods-RACDemo-frameworks.sh\"\n";
			showEnvVarsInLog = 0;
		};
		FAC1469F0CAA7C2E456B5DD6 /* [CP] Copy Pods Resources */ = {
			isa = PBXShellScriptBuildPhase;
			buildActionMask = 2147483647;
			files = (
			);
			inputPaths = (
			);
			name = "[CP] Copy Pods Resources";
			outputPaths = (
			);
			runOnlyForDeploymentPostprocessing = 0;
			shellPath = /bin/sh;
			shellScript = "\"${SRCROOT}/Pods/Target Support Files/Pods-RACDemo/Pods-RACDemo-resources.sh\"\n";
			showEnvVarsInLog = 0;
		};
/* End PBXShellScriptBuildPhase section */

/* Begin PBXSourcesBuildPhase section */
		1768225E1F78F52A00F11D3C /* Sources */ = {
			isa = PBXSourcesBuildPhase;
			buildActionMask = 2147483647;
			files = (
				1768226D1F78F52A00F11D3C /* ViewController.m in Sources */,
				1768226A1F78F52A00F11D3C /* AppDelegate.m in Sources */,
				176822671F78F52A00F11D3C /* main.m in Sources */,
				17F941A81F79072E00E01336 /* NextVC.m in Sources */,
			);
			runOnlyForDeploymentPostprocessing = 0;
		};
/* End PBXSourcesBuildPhase section */

/* Begin PBXVariantGroup section */
		1768226E1F78F52A00F11D3C /* Main.storyboard */ = {
			isa = PBXVariantGroup;
			children = (
				1768226F1F78F52A00F11D3C /* Base */,
			);
			name = Main.storyboard;
			sourceTree = "<group>";
		};
		176822731F78F52A00F11D3C /* LaunchScreen.storyboard */ = {
			isa = PBXVariantGroup;
			children = (
				176822741F78F52A00F11D3C /* Base */,
			);
			name = LaunchScreen.storyboard;
			sourceTree = "<group>";
		};
/* End PBXVariantGroup section */

/* Begin XCBuildConfiguration section */
		176822771F78F52A00F11D3C /* Debug */ = {
			isa = XCBuildConfiguration;
			buildSettings = {
				ALWAYS_SEARCH_USER_PATHS = NO;
				CLANG_ANALYZER_NONNULL = YES;
				CLANG_CXX_LANGUAGE_STANDARD = "gnu++0x";
				CLANG_CXX_LIBRARY = "libc++";
				CLANG_ENABLE_MODULES = YES;
				CLANG_ENABLE_OBJC_ARC = YES;
				CLANG_WARN_BOOL_CONVERSION = YES;
				CLANG_WARN_CONSTANT_CONVERSION = YES;
				CLANG_WARN_DIRECT_OBJC_ISA_USAGE = YES_ERROR;
				CLANG_WARN_DOCUMENTATION_COMMENTS = YES;
				CLANG_WARN_EMPTY_BODY = YES;
				CLANG_WARN_ENUM_CONVERSION = YES;
				CLANG_WARN_INFINITE_RECURSION = YES;
				CLANG_WARN_INT_CONVERSION = YES;
				CLANG_WARN_OBJC_ROOT_CLASS = YES_ERROR;
				CLANG_WARN_SUSPICIOUS_MOVE = YES;
				CLANG_WARN_UNREACHABLE_CODE = YES;
				CLANG_WARN__DUPLICATE_METHOD_MATCH = YES;
				"CODE_SIGN_IDENTITY[sdk=iphoneos*]" = "iPhone Developer";
				COPY_PHASE_STRIP = NO;
				DEBUG_INFORMATION_FORMAT = dwarf;
				ENABLE_STRICT_OBJC_MSGSEND = YES;
				ENABLE_TESTABILITY = YES;
				GCC_C_LANGUAGE_STANDARD = gnu99;
				GCC_DYNAMIC_NO_PIC = NO;
				GCC_NO_COMMON_BLOCKS = YES;
				GCC_OPTIMIZATION_LEVEL = 0;
				GCC_PREPROCESSOR_DEFINITIONS = (
					"DEBUG=1",
					"$(inherited)",
				);
				GCC_WARN_64_TO_32_BIT_CONVERSION = YES;
				GCC_WARN_ABOUT_RETURN_TYPE = YES_ERROR;
				GCC_WARN_UNDECLARED_SELECTOR = YES;
				GCC_WARN_UNINITIALIZED_AUTOS = YES_AGGRESSIVE;
				GCC_WARN_UNUSED_FUNCTION = YES;
				GCC_WARN_UNUSED_VARIABLE = YES;
				IPHONEOS_DEPLOYMENT_TARGET = 10.2;
				MTL_ENABLE_DEBUG_INFO = YES;
				ONLY_ACTIVE_ARCH = YES;
				SDKROOT = iphoneos;
			};
			name = Debug;
		};
		176822781F78F52A00F11D3C /* Release */ = {
			isa = XCBuildConfiguration;
			buildSettings = {
				ALWAYS_SEARCH_USER_PATHS = NO;
				CLANG_ANALYZER_NONNULL = YES;
				CLANG_CXX_LANGUAGE_STANDARD = "gnu++0x";
				CLANG_CXX_LIBRARY = "libc++";
				CLANG_ENABLE_MODULES = YES;
				CLANG_ENABLE_OBJC_ARC = YES;
				CLANG_WARN_BOOL_CONVERSION = YES;
				CLANG_WARN_CONSTANT_CONVERSION = YES;
				CLANG_WARN_DIRECT_OBJC_ISA_USAGE = YES_ERROR;
				CLANG_WARN_DOCUMENTATION_COMMENTS = YES;
				CLANG_WARN_EMPTY_BODY = YES;
				CLANG_WARN_ENUM_CONVERSION = YES;
				CLANG_WARN_INFINITE_RECURSION = YES;
				CLANG_WARN_INT_CONVERSION = YES;
				CLANG_WARN_OBJC_ROOT_CLASS = YES_ERROR;
				CLANG_WARN_SUSPICIOUS_MOVE = YES;
				CLANG_WARN_UNREACHABLE_CODE = YES;
				CLANG_WARN__DUPLICATE_METHOD_MATCH = YES;
				"CODE_SIGN_IDENTITY[sdk=iphoneos*]" = "iPhone Developer";
				COPY_PHASE_STRIP = NO;
				DEBUG_INFORMATION_FORMAT = "dwarf-with-dsym";
				ENABLE_NS_ASSERTIONS = NO;
				ENABLE_STRICT_OBJC_MSGSEND = YES;
				GCC_C_LANGUAGE_STANDARD = gnu99;
				GCC_NO_COMMON_BLOCKS = YES;
				GCC_WARN_64_TO_32_BIT_CONVERSION = YES;
				GCC_WARN_ABOUT_RETURN_TYPE = YES_ERROR;
				GCC_WARN_UNDECLARED_SELECTOR = YES;
				GCC_WARN_UNINITIALIZED_AUTOS = YES_AGGRESSIVE;
				GCC_WARN_UNUSED_FUNCTION = YES;
				GCC_WARN_UNUSED_VARIABLE = YES;
				IPHONEOS_DEPLOYMENT_TARGET = 10.2;
				MTL_ENABLE_DEBUG_INFO = NO;
				SDKROOT = iphoneos;
				VALIDATE_PRODUCT = YES;
			};
			name = Release;
		};
		1768227A1F78F52A00F11D3C /* Debug */ = {
			isa = XCBuildConfiguration;
			baseConfigurationReference = E8789CA32DB21260519985EA /* Pods-RACDemo.debug.xcconfig */;
			buildSettings = {
				ASSETCATALOG_COMPILER_APPICON_NAME = AppIcon;
				DEVELOPMENT_TEAM = 6H72553LUE;
				INFOPLIST_FILE = RACDemo/Info.plist;
				LD_RUNPATH_SEARCH_PATHS = "$(inherited) @executable_path/Frameworks";
				PRODUCT_BUNDLE_IDENTIFIER = com.cesiumai.RACDemo;
				PRODUCT_NAME = "$(TARGET_NAME)";
				USER_HEADER_SEARCH_PATHS = "${SRCROOT}/**";
			};
			name = Debug;
		};
		1768227B1F78F52A00F11D3C /* Release */ = {
			isa = XCBuildConfiguration;
			baseConfigurationReference = A46C3C251D1CD38EBF1D0EA4 /* Pods-RACDemo.release.xcconfig */;
			buildSettings = {
				ASSETCATALOG_COMPILER_APPICON_NAME = AppIcon;
				DEVELOPMENT_TEAM = 6H72553LUE;
				INFOPLIST_FILE = RACDemo/Info.plist;
				LD_RUNPATH_SEARCH_PATHS = "$(inherited) @executable_path/Frameworks";
				PRODUCT_BUNDLE_IDENTIFIER = com.cesiumai.RACDemo;
				PRODUCT_NAME = "$(TARGET_NAME)";
				USER_HEADER_SEARCH_PATHS = "${SRCROOT}/**";
			};
			name = Release;
		};
/* End XCBuildConfiguration section */

/* Begin XCConfigurationList section */
		1768225D1F78F52A00F11D3C /* Build configuration list for PBXProject "RACDemo" */ = {
			isa = XCConfigurationList;
			buildConfigurations = (
				176822771F78F52A00F11D3C /* Debug */,
				176822781F78F52A00F11D3C /* Release */,
			);
			defaultConfigurationIsVisible = 0;
			defaultConfigurationName = Release;
		};
		176822791F78F52A00F11D3C /* Build configuration list for PBXNativeTarget "RACDemo" */ = {
			isa = XCConfigurationList;
			buildConfigurations = (
				1768227A1F78F52A00F11D3C /* Debug */,
				1768227B1F78F52A00F11D3C /* Release */,
			);
			defaultConfigurationIsVisible = 0;
			defaultConfigurationName = Release;
		};
/* End XCConfigurationList section */
	};
	rootObject = 1768225A1F78F52A00F11D3C /* Project object */;
}
